{
  "name": "@isink17/codegraph",
  "version": "0.0.0-dev",
  "lockfileVersion": 3,
  "requires": true,
  "packages": {
    "": {
      "name": "@isink17/codegraph",
      "version": "0.0.0-dev",
      "hasInstallScript": true,
      "license": "SEE LICENSE IN LICENSE",
      "bin": {
        "codegraph": "bin/codegraph.js"
      },
      "engines": {
        "node": ">=22"
      }
    }
  }
}
